
Microsoft Visual Studio Solution File, Format Version 12.00
# Visual Studio Version 17
VisualStudioVersion = 17.3.32929.385
MinimumVisualStudioVersion = 10.0.40219.1
Project("{9A19103F-16F7-4668-BE54-9A1E7A4F7556}") = "DrakeFanpage", "DrakeFanpage\DrakeFanpage.csproj", "{7C22EBC4-CE57-4267-8EFB-45289D317C38}"
EndProject
Project("{FAE04EC0-301F-11D3-BF4B-00C04F79EFBC}") = "TestForFanpage", "TestForFanpage\TestForFanpage.csproj", "{9DB7F707-B5E3-4851-88D7-7E1D63C346A4}"
EndProject
Global
	GlobalSection(SolutionConfigurationPlatforms) = preSolution
		Debug|Any CPU = Debug|Any CPU
		Release|Any CPU = Release|Any CPU
	EndGlobalSection
	GlobalSection(ProjectConfigurationPlatforms) = postSolution
		{7C22EBC4-CE57-4267-8EFB-45289D317C38}.Debug|Any CPU.ActiveCfg = Debug|Any CPU
		{7C22EBC4-CE57-4267-8EFB-45289D317C38}.Debug|Any CPU.Build.0 = Debug|Any CPU
		{7C22EBC4-CE57-4267-8EFB-45289D317C38}.Release|Any CPU.ActiveCfg = Release|Any CPU
		{7C22EBC4-CE57-4267-8EFB-45289D317C38}.Release|Any CPU.Build.0 = Release|Any CPU
		{9DB7F707-B5E3-4851-88D7-7E1D63C346A4}.Debug|Any CPU.ActiveCfg = Debug|Any CPU
		{9DB7F707-B5E3-4851-88D7-7E1D63C346A4}.Debug|Any CPU.Build.0 = Debug|Any CPU
		{9DB7F707-B5E3-4851-88D7-7E1D63C346A4}.Release|Any CPU.ActiveCfg = Release|Any CPU
		{9DB7F707-B5E3-4851-88D7-7E1D63C346A4}.Release|Any CPU.Build.0 = Release|Any CPU
	EndGlobalSection
	GlobalSection(SolutionProperties) = preSolution
		HideSolutionNode = FALSE
	EndGlobalSection
	GlobalSection(ExtensibilityGlobals) = postSolution
		SolutionGuid = {4F171621-3E44-4E62-8F00-F06BD3AB0AE8}
	EndGlobalSection
EndGlobal
